// !$*UTF8*$!
{
	archiveVersion = 1;
	classes = {
	};
	objectVersion = 46;
	objects = {

/* Begin PBXBuildFile section */
		2622A9AB15AEED81001DAB85 /* InfoViewController.m in Sources */ = {isa = PBXBuildFile; fileRef = 2622A9AA15AEED81001DAB85 /* InfoViewController.m */; };
		2622A9AE15AEF3D6001DAB85 /* Localizable.strings in Resources */ = {isa = PBXBuildFile; fileRef = 2622A9B015AEF3D6001DAB85 /* Localizable.strings */; };
		2622A9B215B58F68001DAB85 /* Twitter.framework in Frameworks */ = {isa = PBXBuildFile; fileRef = 2622A9A615AEED4B001DAB85 /* Twitter.framework */; };
		26BFDB5215A7FB44007F92F2 /* QuartzCore.framework in Frameworks */ = {isa = PBXBuildFile; fileRef = 26BFDB5115A7FB44007F92F2 /* QuartzCore.framework */; };
		26BFDC1315A80220007F92F2 /* AudioToolbox.framework in Frameworks */ = {isa = PBXBuildFile; fileRef = 26BFDC1115A80220007F92F2 /* AudioToolbox.framework */; };
		26BFDC1715A80468007F92F2 /* image4-color.svg in Resources */ = {isa = PBXBuildFile; fileRef = 26BFDC1515A80468007F92F2 /* image4-color.svg */; };
		26BFDC1815A80468007F92F2 /* image4.svg in Resources */ = {isa = PBXBuildFile; fileRef = 26BFDC1615A80468007F92F2 /* image4.svg */; };
		26BFDC1F15A82031007F92F2 /* OssanLayer.m in Sources */ = {isa = PBXBuildFile; fileRef = 26BFDC1E15A82031007F92F2 /* OssanLayer.m */; };
		26BFDC2A15A820A9007F92F2 /* appimage1.png in Resources */ = {isa = PBXBuildFile; fileRef = 26BFDC2415A820A9007F92F2 /* appimage1.png */; };
		26BFDC2B15A820A9007F92F2 /* appimage2.png in Resources */ = {isa = PBXBuildFile; fileRef = 26BFDC2515A820A9007F92F2 /* appimage2.png */; };
		26BFDC2C15A820A9007F92F2 /* appimage3.png in Resources */ = {isa = PBXBuildFile; fileRef = 26BFDC2615A820A9007F92F2 /* appimage3.png */; };
		26BFDC2D15A820A9007F92F2 /* appimage4.png in Resources */ = {isa = PBXBuildFile; fileRef = 26BFDC2715A820A9007F92F2 /* appimage4.png */; };
		26BFDC2E15A820A9007F92F2 /* appimage5.png in Resources */ = {isa = PBXBuildFile; fileRef = 26BFDC2815A820A9007F92F2 /* appimage5.png */; };
		26BFDC2F15A820A9007F92F2 /* appimage6.png in Resources */ = {isa = PBXBuildFile; fileRef = 26BFDC2915A820A9007F92F2 /* appimage6.png */; };
		26BFDC3415A823FA007F92F2 /* index.html in Resources */ = {isa = PBXBuildFile; fileRef = 26BFDC3215A823FA007F92F2 /* index.html */; };
		26BFDC3615A8256D007F92F2 /* music.js in Resources */ = {isa = PBXBuildFile; fileRef = 26BFDC3315A823FA007F92F2 /* music.js */; };
		26E2D5CD15A077E800BD7F67 /* UIKit.framework in Frameworks */ = {isa = PBXBuildFile; fileRef = 26E2D5CC15A077E800BD7F67 /* UIKit.framework */; };
		26E2D5CF15A077E800BD7F67 /* Foundation.framework in Frameworks */ = {isa = PBXBuildFile; fileRef = 26E2D5CE15A077E800BD7F67 /* Foundation.framework */; };
		26E2D5D115A077E800BD7F67 /* CoreGraphics.framework in Frameworks */ = {isa = PBXBuildFile; fileRef = 26E2D5D015A077E800BD7F67 /* CoreGraphics.framework */; };
		26E2D5D715A077E800BD7F67 /* InfoPlist.strings in Resources */ = {isa = PBXBuildFile; fileRef = 26E2D5D515A077E800BD7F67 /* InfoPlist.strings */; };
		26E2D5D915A077E800BD7F67 /* main.m in Sources */ = {isa = PBXBuildFile; fileRef = 26E2D5D815A077E800BD7F67 /* main.m */; };
		26E2D5DD15A077E800BD7F67 /* AppDelegate.m in Sources */ = {isa = PBXBuildFile; fileRef = 26E2D5DC15A077E800BD7F67 /* AppDelegate.m */; };
		26E2D5E015A077E800BD7F67 /* MainStoryboard_iPhone.storyboard in Resources */ = {isa = PBXBuildFile; fileRef = 26E2D5DE15A077E800BD7F67 /* MainStoryboard_iPhone.storyboard */; };
		26E2D5E315A077E800BD7F67 /* MainStoryboard_iPad.storyboard in Resources */ = {isa = PBXBuildFile; fileRef = 26E2D5E115A077E800BD7F67 /* MainStoryboard_iPad.storyboard */; };
		26E2D5E615A077E800BD7F67 /* ViewController.m in Sources */ = {isa = PBXBuildFile; fileRef = 26E2D5E515A077E800BD7F67 /* ViewController.m */; };
		26E2D5F015A0783800BD7F67 /* Accelerate.framework in Frameworks */ = {isa = PBXBuildFile; fileRef = 26E2D5EF15A0783800BD7F67 /* Accelerate.framework */; };
		26E2D5F215A0797200BD7F67 /* MediaPlayer.framework in Frameworks */ = {isa = PBXBuildFile; fileRef = 26E2D5F115A0797200BD7F67 /* MediaPlayer.framework */; };
		26E2D5F415A07B3A00BD7F67 /* AVFoundation.framework in Frameworks */ = {isa = PBXBuildFile; fileRef = 26E2D5F315A07B3A00BD7F67 /* AVFoundation.framework */; };
		26E2D5F915A0AEF400BD7F67 /* CoreMedia.framework in Frameworks */ = {isa = PBXBuildFile; fileRef = 26E2D5F815A0AEF400BD7F67 /* CoreMedia.framework */; };
		26F0ED5D15AD3FC200B38B4C /* OssansBaseView.m in Sources */ = {isa = PBXBuildFile; fileRef = 26F0ED5C15AD3FC200B38B4C /* OssansBaseView.m */; };
/* End PBXBuildFile section */

/* Begin PBXFileReference section */
		2622A9A615AEED4B001DAB85 /* Twitter.framework */ = {isa = PBXFileReference; lastKnownFileType = wrapper.framework; name = Twitter.framework; path = System/Library/Frameworks/Twitter.framework; sourceTree = SDKROOT; };
		2622A9A915AEED81001DAB85 /* InfoViewController.h */ = {isa = PBXFileReference; fileEncoding = 4; lastKnownFileType = sourcecode.c.h; path = InfoViewController.h; sourceTree = "<group>"; };
		2622A9AA15AEED81001DAB85 /* InfoViewController.m */ = {isa = PBXFileReference; fileEncoding = 4; lastKnownFileType = sourcecode.c.objc; path = InfoViewController.m; sourceTree = "<group>"; };
		2622A9AF15AEF3D6001DAB85 /* en */ = {isa = PBXFileReference; lastKnownFileType = text.plist.strings; name = en; path = en.lproj/Localizable.strings; sourceTree = "<group>"; };
		2622A9B115AEF3E0001DAB85 /* ja */ = {isa = PBXFileReference; lastKnownFileType = text.plist.strings; name = ja; path = ja.lproj/Localizable.strings; sourceTree = "<group>"; };
		26BFDB5115A7FB44007F92F2 /* QuartzCore.framework */ = {isa = PBXFileReference; lastKnownFileType = wrapper.framework; name = QuartzCore.framework; path = System/Library/Frameworks/QuartzCore.framework; sourceTree = SDKROOT; };
		26BFDC1115A80220007F92F2 /* AudioToolbox.framework */ = {isa = PBXFileReference; lastKnownFileType = wrapper.framework; name = AudioToolbox.framework; path = System/Library/Frameworks/AudioToolbox.framework; sourceTree = SDKROOT; };
		26BFDC1515A80468007F92F2 /* image4-color.svg */ = {isa = PBXFileReference; fileEncoding = 4; lastKnownFileType = text.xml; name = "image4-color.svg"; path = "Images/image4-color.svg"; sourceTree = "<group>"; };
		26BFDC1615A80468007F92F2 /* image4.svg */ = {isa = PBXFileReference; fileEncoding = 4; lastKnownFileType = text.xml; name = image4.svg; path = Images/image4.svg; sourceTree = "<group>"; };
		26BFDC1D15A82031007F92F2 /* OssanLayer.h */ = {isa = PBXFileReference; fileEncoding = 4; lastKnownFileType = sourcecode.c.h; path = OssanLayer.h; sourceTree = "<group>"; };
		26BFDC1E15A82031007F92F2 /* OssanLayer.m */ = {isa = PBXFileReference; fileEncoding = 4; lastKnownFileType = sourcecode.c.objc; path = OssanLayer.m; sourceTree = "<group>"; };
		26BFDC2415A820A9007F92F2 /* appimage1.png */ = {isa = PBXFileReference; lastKnownFileType = image.png; name = appimage1.png; path = Images/appimage1.png; sourceTree = "<group>"; };
		26BFDC2515A820A9007F92F2 /* appimage2.png */ = {isa = PBXFileReference; lastKnownFileType = image.png; name = appimage2.png; path = Images/appimage2.png; sourceTree = "<group>"; };
		26BFDC2615A820A9007F92F2 /* appimage3.png */ = {isa = PBXFileReference; lastKnownFileType = image.png; name = appimage3.png; path = Images/appimage3.png; sourceTree = "<group>"; };
		26BFDC2715A820A9007F92F2 /* appimage4.png */ = {isa = PBXFileReference; lastKnownFileType = image.png; name = appimage4.png; path = Images/appimage4.png; sourceTree = "<group>"; };
		26BFDC2815A820A9007F92F2 /* appimage5.png */ = {isa = PBXFileReference; lastKnownFileType = image.png; name = appimage5.png; path = Images/appimage5.png; sourceTree = "<group>"; };
		26BFDC2915A820A9007F92F2 /* appimage6.png */ = {isa = PBXFileReference; lastKnownFileType = image.png; name = appimage6.png; path = Images/appimage6.png; sourceTree = "<group>"; };
		26BFDC3215A823FA007F92F2 /* index.html */ = {isa = PBXFileReference; fileEncoding = 4; lastKnownFileType = text.html; name = index.html; path = html/index.html; sourceTree = "<group>"; };
		26BFDC3315A823FA007F92F2 /* music.js */ = {isa = PBXFileReference; fileEncoding = 4; lastKnownFileType = sourcecode.javascript; name = music.js; path = html/music.js; sourceTree = "<group>"; };
		26E2D5C815A077E800BD7F67 /* Bon3.app */ = {isa = PBXFileReference; explicitFileType = wrapper.application; includeInIndex = 0; path = Bon3.app; sourceTree = BUILT_PRODUCTS_DIR; };
		26E2D5CC15A077E800BD7F67 /* UIKit.framework */ = {isa = PBXFileReference; lastKnownFileType = wrapper.framework; name = UIKit.framework; path = System/Library/Frameworks/UIKit.framework; sourceTree = SDKROOT; };
		26E2D5CE15A077E800BD7F67 /* Foundation.framework */ = {isa = PBXFileReference; lastKnownFileType = wrapper.framework; name = Foundation.framework; path = System/Library/Frameworks/Foundation.framework; sourceTree = SDKROOT; };
		26E2D5D015A077E800BD7F67 /* CoreGraphics.framework */ = {isa = PBXFileReference; lastKnownFileType = wrapper.framework; name = CoreGraphics.framework; path = System/Library/Frameworks/CoreGraphics.framework; sourceTree = SDKROOT; };
		26E2D5D415A077E800BD7F67 /* Bon3-Info.plist */ = {isa = PBXFileReference; lastKnownFileType = text.plist.xml; path = "Bon3-Info.plist"; sourceTree = "<group>"; };
		26E2D5D615A077E800BD7F67 /* en */ = {isa = PBXFileReference; lastKnownFileType = text.plist.strings; name = en; path = en.lproj/InfoPlist.strings; sourceTree = "<group>"; };
		26E2D5D815A077E800BD7F67 /* main.m */ = {isa = PBXFileReference; lastKnownFileType = sourcecode.c.objc; path = main.m; sourceTree = "<group>"; };
		26E2D5DA15A077E800BD7F67 /* Bon3-Prefix.pch */ = {isa = PBXFileReference; lastKnownFileType = sourcecode.c.h; path = "Bon3-Prefix.pch"; sourceTree = "<group>"; };
		26E2D5DB15A077E800BD7F67 /* AppDelegate.h */ = {isa = PBXFileReference; lastKnownFileType = sourcecode.c.h; path = AppDelegate.h; sourceTree = "<group>"; };
		26E2D5DC15A077E800BD7F67 /* AppDelegate.m */ = {isa = PBXFileReference; lastKnownFileType = sourcecode.c.objc; path = AppDelegate.m; sourceTree = "<group>"; };
		26E2D5DF15A077E800BD7F67 /* en */ = {isa = PBXFileReference; lastKnownFileType = file.storyboard; name = en; path = en.lproj/MainStoryboard_iPhone.storyboard; sourceTree = "<group>"; };
		26E2D5E215A077E800BD7F67 /* en */ = {isa = PBXFileReference; lastKnownFileType = file.storyboard; name = en; path = en.lproj/MainStoryboard_iPad.storyboard; sourceTree = "<group>"; };
		26E2D5E415A077E800BD7F67 /* ViewController.h */ = {isa = PBXFileReference; lastKnownFileType = sourcecode.c.h; path = ViewController.h; sourceTree = "<group>"; };
		26E2D5E515A077E800BD7F67 /* ViewController.m */ = {isa = PBXFileReference; lastKnownFileType = sourcecode.c.objc; path = ViewController.m; sourceTree = "<group>"; };
		26E2D5EF15A0783800BD7F67 /* Accelerate.framework */ = {isa = PBXFileReference; lastKnownFileType = wrapper.framework; name = Accelerate.framework; path = System/Library/Frameworks/Accelerate.framework; sourceTree = SDKROOT; };
		26E2D5F115A0797200BD7F67 /* MediaPlayer.framework */ = {isa = PBXFileReference; lastKnownFileType = wrapper.framework; name = MediaPlayer.framework; path = System/Library/Frameworks/MediaPlayer.framework; sourceTree = SDKROOT; };
		26E2D5F315A07B3A00BD7F67 /* AVFoundation.framework */ = {isa = PBXFileReference; lastKnownFileType = wrapper.framework; name = AVFoundation.framework; path = System/Library/Frameworks/AVFoundation.framework; sourceTree = SDKROOT; };
		26E2D5F815A0AEF400BD7F67 /* CoreMedia.framework */ = {isa = PBXFileReference; lastKnownFileType = wrapper.framework; name = CoreMedia.framework; path = System/Library/Frameworks/CoreMedia.framework; sourceTree = SDKROOT; };
		26F0ED5B15AD3FC200B38B4C /* OssansBaseView.h */ = {isa = PBXFileReference; fileEncoding = 4; lastKnownFileType = sourcecode.c.h; path = OssansBaseView.h; sourceTree = "<group>"; };
		26F0ED5C15AD3FC200B38B4C /* OssansBaseView.m */ = {isa = PBXFileReference; fileEncoding = 4; lastKnownFileType = sourcecode.c.objc; path = OssansBaseView.m; sourceTree = "<group>"; };
		26F0ED5E15AD42B100B38B4C /* Security.framework */ = {isa = PBXFileReference; lastKnownFileType = wrapper.framework; name = Security.framework; path = System/Library/Frameworks/Security.framework; sourceTree = SDKROOT; };
/* End PBXFileReference section */

/* Begin PBXFrameworksBuildPhase section */
		26E2D5C515A077E800BD7F67 /* Frameworks */ = {
			isa = PBXFrameworksBuildPhase;
			buildActionMask = 2147483647;
			files = (
				2622A9B215B58F68001DAB85 /* Twitter.framework in Frameworks */,
				26BFDC1315A80220007F92F2 /* AudioToolbox.framework in Frameworks */,
				26BFDB5215A7FB44007F92F2 /* QuartzCore.framework in Frameworks */,
				26E2D5F915A0AEF400BD7F67 /* CoreMedia.framework in Frameworks */,
				26E2D5F415A07B3A00BD7F67 /* AVFoundation.framework in Frameworks */,
				26E2D5F215A0797200BD7F67 /* MediaPlayer.framework in Frameworks */,
				26E2D5F015A0783800BD7F67 /* Accelerate.framework in Frameworks */,
				26E2D5CD15A077E800BD7F67 /* UIKit.framework in Frameworks */,
				26E2D5CF15A077E800BD7F67 /* Foundation.framework in Frameworks */,
				26E2D5D115A077E800BD7F67 /* CoreGraphics.framework in Frameworks */,
			);
			runOnlyForDeploymentPostprocessing = 0;
		};
/* End PBXFrameworksBuildPhase section */

/* Begin PBXGroup section */
		26BFDB4F15A7FA4A007F92F2 /* modules */ = {
			isa = PBXGroup;
			children = (
			);
			name = modules;
			path = Bon3;
			sourceTree = "<group>";
		};
		26BFDC0C15A7FD97007F92F2 /* Resources */ = {
			isa = PBXGroup;
			children = (
				26BFDC3115A823E9007F92F2 /* html */,
				26BFDC1C15A81F28007F92F2 /* Images */,
			);
			name = Resources;
			sourceTree = "<group>";
		};
		26BFDC1C15A81F28007F92F2 /* Images */ = {
			isa = PBXGroup;
			children = (
				26BFDC2415A820A9007F92F2 /* appimage1.png */,
				26BFDC2515A820A9007F92F2 /* appimage2.png */,
				26BFDC2615A820A9007F92F2 /* appimage3.png */,
				26BFDC2715A820A9007F92F2 /* appimage4.png */,
				26BFDC2815A820A9007F92F2 /* appimage5.png */,
				26BFDC2915A820A9007F92F2 /* appimage6.png */,
				26BFDC1515A80468007F92F2 /* image4-color.svg */,
				26BFDC1615A80468007F92F2 /* image4.svg */,
			);
			name = Images;
			sourceTree = "<group>";
		};
		26BFDC3115A823E9007F92F2 /* html */ = {
			isa = PBXGroup;
			children = (
				26BFDC3215A823FA007F92F2 /* index.html */,
				26BFDC3315A823FA007F92F2 /* music.js */,
			);
			name = html;
			sourceTree = "<group>";
		};
		26E2D5BD15A077E800BD7F67 = {
			isa = PBXGroup;
			children = (
				26E2D5D215A077E800BD7F67 /* Bon3 */,
				26E2D5CB15A077E800BD7F67 /* Frameworks */,
				26BFDC0C15A7FD97007F92F2 /* Resources */,
				26E2D5C915A077E800BD7F67 /* Products */,
				26BFDB4F15A7FA4A007F92F2 /* modules */,
			);
			sourceTree = "<group>";
		};
		26E2D5C915A077E800BD7F67 /* Products */ = {
			isa = PBXGroup;
			children = (
				26E2D5C815A077E800BD7F67 /* Bon3.app */,
			);
			name = Products;
			sourceTree = "<group>";
		};
		26E2D5CB15A077E800BD7F67 /* Frameworks */ = {
			isa = PBXGroup;
			children = (
				2622A9A615AEED4B001DAB85 /* Twitter.framework */,
				26F0ED5E15AD42B100B38B4C /* Security.framework */,
				26BFDC1115A80220007F92F2 /* AudioToolbox.framework */,
				26BFDB5115A7FB44007F92F2 /* QuartzCore.framework */,
				26E2D5F815A0AEF400BD7F67 /* CoreMedia.framework */,
				26E2D5F315A07B3A00BD7F67 /* AVFoundation.framework */,
				26E2D5F115A0797200BD7F67 /* MediaPlayer.framework */,
				26E2D5EF15A0783800BD7F67 /* Accelerate.framework */,
				26E2D5CC15A077E800BD7F67 /* UIKit.framework */,
				26E2D5CE15A077E800BD7F67 /* Foundation.framework */,
				26E2D5D015A077E800BD7F67 /* CoreGraphics.framework */,
			);
			name = Frameworks;
			sourceTree = "<group>";
		};
		26E2D5D215A077E800BD7F67 /* Bon3 */ = {
			isa = PBXGroup;
			children = (
				26E2D5EC15A0780600BD7F67 /* View */,
				26E2D5ED15A0780B00BD7F67 /* ViewController */,
				26E2D5EE15A0781B00BD7F67 /* Model */,
				26E2D5DB15A077E800BD7F67 /* AppDelegate.h */,
				26E2D5DC15A077E800BD7F67 /* AppDelegate.m */,
				26E2D5DE15A077E800BD7F67 /* MainStoryboard_iPhone.storyboard */,
				26E2D5E115A077E800BD7F67 /* MainStoryboard_iPad.storyboard */,
				26E2D5D315A077E800BD7F67 /* Supporting Files */,
			);
			path = Bon3;
			sourceTree = "<group>";
		};
		26E2D5D315A077E800BD7F67 /* Supporting Files */ = {
			isa = PBXGroup;
			children = (
				2622A9B015AEF3D6001DAB85 /* Localizable.strings */,
				26E2D5D415A077E800BD7F67 /* Bon3-Info.plist */,
				26E2D5D515A077E800BD7F67 /* InfoPlist.strings */,
				26E2D5D815A077E800BD7F67 /* main.m */,
				26E2D5DA15A077E800BD7F67 /* Bon3-Prefix.pch */,
			);
			name = "Supporting Files";
			sourceTree = "<group>";
		};
		26E2D5EC15A0780600BD7F67 /* View */ = {
			isa = PBXGroup;
			children = (
				26BFDC1D15A82031007F92F2 /* OssanLayer.h */,
				26BFDC1E15A82031007F92F2 /* OssanLayer.m */,
				26F0ED5B15AD3FC200B38B4C /* OssansBaseView.h */,
				26F0ED5C15AD3FC200B38B4C /* OssansBaseView.m */,
			);
			name = View;
			sourceTree = "<group>";
		};
		26E2D5ED15A0780B00BD7F67 /* ViewController */ = {
			isa = PBXGroup;
			children = (
				26E2D5E415A077E800BD7F67 /* ViewController.h */,
				26E2D5E515A077E800BD7F67 /* ViewController.m */,
				2622A9A915AEED81001DAB85 /* InfoViewController.h */,
				2622A9AA15AEED81001DAB85 /* InfoViewController.m */,
			);
			name = ViewController;
			sourceTree = "<group>";
		};
		26E2D5EE15A0781B00BD7F67 /* Model */ = {
			isa = PBXGroup;
			children = (
			);
			name = Model;
			sourceTree = "<group>";
		};
/* End PBXGroup section */

/* Begin PBXNativeTarget section */
		26E2D5C715A077E800BD7F67 /* Bon3 */ = {
			isa = PBXNativeTarget;
			buildConfigurationList = 26E2D5E915A077E800BD7F67 /* Build configuration list for PBXNativeTarget "Bon3" */;
			buildPhases = (
				26E2D5C415A077E800BD7F67 /* Sources */,
				26E2D5C515A077E800BD7F67 /* Frameworks */,
				26E2D5C615A077E800BD7F67 /* Resources */,
			);
			buildRules = (
			);
			dependencies = (
			);
			name = Bon3;
			productName = Bon3;
			productReference = 26E2D5C815A077E800BD7F67 /* Bon3.app */;
			productType = "com.apple.product-type.application";
		};
/* End PBXNativeTarget section */

/* Begin PBXProject section */
		26E2D5BF15A077E800BD7F67 /* Project object */ = {
			isa = PBXProject;
			attributes = {
				LastUpgradeCheck = 0430;
			};
			buildConfigurationList = 26E2D5C215A077E800BD7F67 /* Build configuration list for PBXProject "Bon3" */;
			compatibilityVersion = "Xcode 3.2";
			developmentRegion = English;
			hasScannedForEncodings = 0;
			knownRegions = (
				en,
				ja,
			);
			mainGroup = 26E2D5BD15A077E800BD7F67;
			productRefGroup = 26E2D5C915A077E800BD7F67 /* Products */;
			projectDirPath = "";
			projectRoot = "";
			targets = (
				26E2D5C715A077E800BD7F67 /* Bon3 */,
			);
		};
/* End PBXProject section */

/* Begin PBXResourcesBuildPhase section */
		26E2D5C615A077E800BD7F67 /* Resources */ = {
			isa = PBXResourcesBuildPhase;
			buildActionMask = 2147483647;
			files = (
				26E2D5D715A077E800BD7F67 /* InfoPlist.strings in Resources */,
				26E2D5E015A077E800BD7F67 /* MainStoryboard_iPhone.storyboard in Resources */,
				26E2D5E315A077E800BD7F67 /* MainStoryboard_iPad.storyboard in Resources */,
				26BFDC1715A80468007F92F2 /* image4-color.svg in Resources */,
				26BFDC1815A80468007F92F2 /* image4.svg in Resources */,
				26BFDC2A15A820A9007F92F2 /* appimage1.png in Resources */,
				26BFDC2B15A820A9007F92F2 /* appimage2.png in Resources */,
				26BFDC2C15A820A9007F92F2 /* appimage3.png in Resources */,
				26BFDC2D15A820A9007F92F2 /* appimage4.png in Resources */,
				26BFDC2E15A820A9007F92F2 /* appimage5.png in Resources */,
				26BFDC2F15A820A9007F92F2 /* appimage6.png in Resources */,
				26BFDC3415A823FA007F92F2 /* index.html in Resources */,
				26BFDC3615A8256D007F92F2 /* music.js in Resources */,
				2622A9AE15AEF3D6001DAB85 /* Localizable.strings in Resources */,
			);
			runOnlyForDeploymentPostprocessing = 0;
		};
/* End PBXResourcesBuildPhase section */

/* Begin PBXSourcesBuildPhase section */
		26E2D5C415A077E800BD7F67 /* Sources */ = {
			isa = PBXSourcesBuildPhase;
			buildActionMask = 2147483647;
			files = (
				26E2D5D915A077E800BD7F67 /* main.m in Sources */,
				26E2D5DD15A077E800BD7F67 /* AppDelegate.m in Sources */,
				26E2D5E615A077E800BD7F67 /* ViewController.m in Sources */,
				26BFDC1F15A82031007F92F2 /* OssanLayer.m in Sources */,
				26F0ED5D15AD3FC200B38B4C /* OssansBaseView.m in Sources */,
				2622A9AB15AEED81001DAB85 /* InfoViewController.m in Sources */,
			);
			runOnlyForDeploymentPostprocessing = 0;
		};
/* End PBXSourcesBuildPhase section */

/* Begin PBXVariantGroup section */
		2622A9B015AEF3D6001DAB85 /* Localizable.strings */ = {
			isa = PBXVariantGroup;
			children = (
				2622A9AF15AEF3D6001DAB85 /* en */,
				2622A9B115AEF3E0001DAB85 /* ja */,
			);
			name = Localizable.strings;
			path = Resources;
			sourceTree = SOURCE_ROOT;
		};
		26E2D5D515A077E800BD7F67 /* InfoPlist.strings */ = {
			isa = PBXVariantGroup;
			children = (
				26E2D5D615A077E800BD7F67 /* en */,
			);
			name = InfoPlist.strings;
			sourceTree = "<group>";
		};
		26E2D5DE15A077E800BD7F67 /* MainStoryboard_iPhone.storyboard */ = {
			isa = PBXVariantGroup;
			children = (
				26E2D5DF15A077E800BD7F67 /* en */,
			);
			name = MainStoryboard_iPhone.storyboard;
			sourceTree = "<group>";
		};
		26E2D5E115A077E800BD7F67 /* MainStoryboard_iPad.storyboard */ = {
			isa = PBXVariantGroup;
			children = (
				26E2D5E215A077E800BD7F67 /* en */,
			);
			name = MainStoryboard_iPad.storyboard;
			sourceTree = "<group>";
		};
/* End PBXVariantGroup section */

/* Begin XCBuildConfiguration section */
		26E2D5E715A077E800BD7F67 /* Debug */ = {
			isa = XCBuildConfiguration;
			buildSettings = {
				ALWAYS_SEARCH_USER_PATHS = NO;
				ARCHS = "$(ARCHS_STANDARD_32_BIT)";
				CLANG_ENABLE_OBJC_ARC = YES;
				"CODE_SIGN_IDENTITY[sdk=iphoneos*]" = "iPhone Developer";
				COPY_PHASE_STRIP = NO;
				GCC_C_LANGUAGE_STANDARD = gnu99;
				GCC_DYNAMIC_NO_PIC = NO;
				GCC_OPTIMIZATION_LEVEL = 0;
				GCC_PREPROCESSOR_DEFINITIONS = (
					"DEBUG=1",
					"$(inherited)",
				);
				GCC_SYMBOLS_PRIVATE_EXTERN = NO;
				GCC_VERSION = com.apple.compilers.llvm.clang.1_0;
				GCC_WARN_ABOUT_RETURN_TYPE = YES;
				GCC_WARN_UNINITIALIZED_AUTOS = YES;
				GCC_WARN_UNUSED_VARIABLE = YES;
				IPHONEOS_DEPLOYMENT_TARGET = 5.1;
				SDKROOT = iphoneos;
				TARGETED_DEVICE_FAMILY = "1,2";
			};
			name = Debug;
		};
		26E2D5E815A077E800BD7F67 /* Release */ = {
			isa = XCBuildConfiguration;
			buildSettings = {
				ALWAYS_SEARCH_USER_PATHS = NO;
				ARCHS = "$(ARCHS_STANDARD_32_BIT)";
				CLANG_ENABLE_OBJC_ARC = YES;
				"CODE_SIGN_IDENTITY[sdk=iphoneos*]" = "iPhone Developer";
				COPY_PHASE_STRIP = YES;
				GCC_C_LANGUAGE_STANDARD = gnu99;
				GCC_VERSION = com.apple.compilers.llvm.clang.1_0;
				GCC_WARN_ABOUT_RETURN_TYPE = YES;
				GCC_WARN_UNINITIALIZED_AUTOS = YES;
				GCC_WARN_UNUSED_VARIABLE = YES;
				IPHONEOS_DEPLOYMENT_TARGET = 5.1;
				OTHER_CFLAGS = "-DNS_BLOCK_ASSERTIONS=1";
				SDKROOT = iphoneos;
				TARGETED_DEVICE_FAMILY = "1,2";
				VALIDATE_PRODUCT = YES;
			};
			name = Release;
		};
		26E2D5EA15A077E800BD7F67 /* Debug */ = {
			isa = XCBuildConfiguration;
			buildSettings = {
				CODE_SIGN_IDENTITY = "iPhone Developer";
				"CODE_SIGN_IDENTITY[sdk=iphoneos*]" = "iPhone Developer";
				GCC_OPTIMIZATION_LEVEL = 0;
				GCC_PRECOMPILE_PREFIX_HEADER = YES;
				GCC_PREFIX_HEADER = "Bon3/Bon3-Prefix.pch";
				HEADER_SEARCH_PATHS = /usr/include/libxml2;
				INFOPLIST_FILE = "Bon3/Bon3-Info.plist";
				IPHONEOS_DEPLOYMENT_TARGET = 5.1;
				PRODUCT_NAME = "$(TARGET_NAME)";
				PROVISIONING_PROFILE = "";
				"PROVISIONING_PROFILE[sdk=iphoneos*]" = "";
				WRAPPER_EXTENSION = app;
			};
			name = Debug;
		};
		26E2D5EB15A077E800BD7F67 /* Release */ = {
			isa = XCBuildConfiguration;
			buildSettings = {
				CODE_SIGN_IDENTITY = "iPhone Developer: Satoshi Asano (3LNLGMY6PB)";
				GCC_PRECOMPILE_PREFIX_HEADER = YES;
				GCC_PREFIX_HEADER = "Bon3/Bon3-Prefix.pch";
				HEADER_SEARCH_PATHS = /usr/include/libxml2;
				INFOPLIST_FILE = "Bon3/Bon3-Info.plist";
				IPHONEOS_DEPLOYMENT_TARGET = 5.1;
				PRODUCT_NAME = "$(TARGET_NAME)";
				PROVISIONING_PROFILE = "C29D1B09-E5C6-42AF-9C18-BFC1875B10AB";
				WRAPPER_EXTENSION = app;
			};
			name = Release;
		};
/* End XCBuildConfiguration section */

/* Begin XCConfigurationList section */
		26E2D5C215A077E800BD7F67 /* Build configuration list for PBXProject "Bon3" */ = {
			isa = XCConfigurationList;
			buildConfigurations = (
				26E2D5E715A077E800BD7F67 /* Debug */,
				26E2D5E815A077E800BD7F67 /* Release */,
			);
			defaultConfigurationIsVisible = 0;
			defaultConfigurationName = Release;
		};
		26E2D5E915A077E800BD7F67 /* Build configuration list for PBXNativeTarget "Bon3" */ = {
			isa = XCConfigurationList;
			buildConfigurations = (
				26E2D5EA15A077E800BD7F67 /* Debug */,
				26E2D5EB15A077E800BD7F67 /* Release */,
			);
			defaultConfigurationIsVisible = 0;
			defaultConfigurationName = Release;
		};
/* End XCConfigurationList section */
	};
	rootObject = 26E2D5BF15A077E800BD7F67 /* Project object */;
}
